
Microsoft Visual Studio Solution File, Format Version 12.00
# Visual Studio Version 16
VisualStudioVersion = 16.0.31005.135
MinimumVisualStudioVersion = 15.0.26124.0
Project("{2150E333-8FDC-42A3-9474-1A3956D46DE8}") = "Week3.Task", "Week3.Task", "{D7696EDB-9B61-46A5-9A56-356763F8FE1F}"
EndProject
Project("{9A19103F-16F7-4668-BE54-9A1E7A4F7556}") = "Week3.Tasks", "Week3.Tasks\Week3.Tasks.csproj", "{D659EAFC-3D16-42B9-8663-25261796989D}"
EndProject
Global
	GlobalSection(SolutionConfigurationPlatforms) = preSolution
		Debug|Any CPU = Debug|Any CPU
		Release|Any CPU = Release|Any CPU
	EndGlobalSection
	GlobalSection(ProjectConfigurationPlatforms) = postSolution
		{D659EAFC-3D16-42B9-8663-25261796989D}.Debug|Any CPU.ActiveCfg = Debug|Any CPU
		{D659EAFC-3D16-42B9-8663-25261796989D}.Debug|Any CPU.Build.0 = Debug|Any CPU
		{D659EAFC-3D16-42B9-8663-25261796989D}.Release|Any CPU.ActiveCfg = Release|Any CPU
		{D659EAFC-3D16-42B9-8663-25261796989D}.Release|Any CPU.Build.0 = Release|Any CPU
	EndGlobalSection
	GlobalSection(SolutionProperties) = preSolution
		HideSolutionNode = FALSE
	EndGlobalSection
	GlobalSection(NestedProjects) = preSolution
		{D659EAFC-3D16-42B9-8663-25261796989D} = {D7696EDB-9B61-46A5-9A56-356763F8FE1F}
	EndGlobalSection
	GlobalSection(ExtensibilityGlobals) = postSolution
		SolutionGuid = {D6E9931C-7C85-426B-8D58-D5D7B19EC5EB}
	EndGlobalSection
EndGlobal
